// !$*UTF8*$!
{
	archiveVersion = 1;
	classes = {
	};
	objectVersion = 46;
	objects = {

/* Begin PBXBuildFile section */
		2C2F07E113DE61B3009F60DB /* UIKit.framework in Frameworks */ = {isa = PBXBuildFile; fileRef = 2C2F07E013DE61B3009F60DB /* UIKit.framework */; };
		2C2F07E313DE61B3009F60DB /* Foundation.framework in Frameworks */ = {isa = PBXBuildFile; fileRef = 2C2F07E213DE61B3009F60DB /* Foundation.framework */; };
		2C2F07E513DE61B3009F60DB /* CoreGraphics.framework in Frameworks */ = {isa = PBXBuildFile; fileRef = 2C2F07E413DE61B3009F60DB /* CoreGraphics.framework */; };
		2C2F07FB13DE661B009F60DB /* CoreData.framework in Frameworks */ = {isa = PBXBuildFile; fileRef = 2C2F07FA13DE661B009F60DB /* CoreData.framework */; };
		2CE7045D13DE6B4500BB2279 /* AppDelegate.m in Sources */ = {isa = PBXBuildFile; fileRef = 2CE7045B13DE6B4500BB2279 /* AppDelegate.m */; };
		2CE7045E13DE6B4500BB2279 /* main.m in Sources */ = {isa = PBXBuildFile; fileRef = 2CE7045C13DE6B4500BB2279 /* main.m */; };
/* End PBXBuildFile section */

/* Begin PBXFileReference section */
		2C2F07DC13DE61B3009F60DB /* PlazaVeaMovil.app */ = {isa = PBXFileReference; explicitFileType = wrapper.application; includeInIndex = 0; path = PlazaVeaMovil.app; sourceTree = BUILT_PRODUCTS_DIR; };
		2C2F07E013DE61B3009F60DB /* UIKit.framework */ = {isa = PBXFileReference; lastKnownFileType = wrapper.framework; name = UIKit.framework; path = System/Library/Frameworks/UIKit.framework; sourceTree = SDKROOT; };
		2C2F07E213DE61B3009F60DB /* Foundation.framework */ = {isa = PBXFileReference; lastKnownFileType = wrapper.framework; name = Foundation.framework; path = System/Library/Frameworks/Foundation.framework; sourceTree = SDKROOT; };
		2C2F07E413DE61B3009F60DB /* CoreGraphics.framework */ = {isa = PBXFileReference; lastKnownFileType = wrapper.framework; name = CoreGraphics.framework; path = System/Library/Frameworks/CoreGraphics.framework; sourceTree = SDKROOT; };
		2C2F07FA13DE661B009F60DB /* CoreData.framework */ = {isa = PBXFileReference; lastKnownFileType = wrapper.framework; name = CoreData.framework; path = System/Library/Frameworks/CoreData.framework; sourceTree = SDKROOT; };
		2CE7045313DE693A00BB2279 /* PlazaVeaMovil-Info.plist */ = {isa = PBXFileReference; fileEncoding = 4; lastKnownFileType = text.plist.xml; path = "PlazaVeaMovil-Info.plist"; sourceTree = "<group>"; };
		2CE7045B13DE6B4500BB2279 /* AppDelegate.m */ = {isa = PBXFileReference; fileEncoding = 4; lastKnownFileType = sourcecode.c.objc; path = AppDelegate.m; sourceTree = "<group>"; };
		2CE7045C13DE6B4500BB2279 /* main.m */ = {isa = PBXFileReference; fileEncoding = 4; lastKnownFileType = sourcecode.c.objc; path = main.m; sourceTree = "<group>"; };
/* End PBXFileReference section */

/* Begin PBXFrameworksBuildPhase section */
		2C2F07D913DE61B3009F60DB /* Frameworks */ = {
			isa = PBXFrameworksBuildPhase;
			buildActionMask = 2147483647;
			files = (
				2C2F07FB13DE661B009F60DB /* CoreData.framework in Frameworks */,
				2C2F07E113DE61B3009F60DB /* UIKit.framework in Frameworks */,
				2C2F07E313DE61B3009F60DB /* Foundation.framework in Frameworks */,
				2C2F07E513DE61B3009F60DB /* CoreGraphics.framework in Frameworks */,
			);
			runOnlyForDeploymentPostprocessing = 0;
		};
/* End PBXFrameworksBuildPhase section */

/* Begin PBXGroup section */
		2C2F07D113DE61B3009F60DB = {
			isa = PBXGroup;
			children = (
				2C2F07FD13DE6692009F60DB /* Sources */,
				2C2F07FC13DE6692009F60DB /* Resources */,
				2C2F07DF13DE61B3009F60DB /* Frameworks */,
				2C2F07DD13DE61B3009F60DB /* Products */,
			);
			sourceTree = "<group>";
		};
		2C2F07DD13DE61B3009F60DB /* Products */ = {
			isa = PBXGroup;
			children = (
				2C2F07DC13DE61B3009F60DB /* PlazaVeaMovil.app */,
			);
			name = Products;
			sourceTree = "<group>";
		};
		2C2F07DF13DE61B3009F60DB /* Frameworks */ = {
			isa = PBXGroup;
			children = (
				2C2F07E213DE61B3009F60DB /* Foundation.framework */,
				2C2F07E013DE61B3009F60DB /* UIKit.framework */,
				2C2F07E413DE61B3009F60DB /* CoreGraphics.framework */,
				2C2F07FA13DE661B009F60DB /* CoreData.framework */,
			);
			name = Frameworks;
			sourceTree = "<group>";
		};
		2C2F07FC13DE6692009F60DB /* Resources */ = {
			isa = PBXGroup;
			children = (
				2CE7045313DE693A00BB2279 /* PlazaVeaMovil-Info.plist */,
			);
			name = Resources;
			path = ../Resources;
			sourceTree = "<group>";
		};
		2C2F07FD13DE6692009F60DB /* Sources */ = {
			isa = PBXGroup;
			children = (
				2CE7045913DE6B4500BB2279 /* Application */,
			);
			name = Sources;
			path = ../Sources;
			sourceTree = "<group>";
		};
		2CE7045913DE6B4500BB2279 /* Application */ = {
			isa = PBXGroup;
			children = (
				2CE7045B13DE6B4500BB2279 /* AppDelegate.m */,
				2CE7045C13DE6B4500BB2279 /* main.m */,
			);
			path = Application;
			sourceTree = "<group>";
		};
/* End PBXGroup section */

/* Begin PBXNativeTarget section */
		2C2F07DB13DE61B3009F60DB /* PlazaVeaMovil */ = {
			isa = PBXNativeTarget;
			buildConfigurationList = 2C2F07F713DE61B4009F60DB /* Build configuration list for PBXNativeTarget "PlazaVeaMovil" */;
			buildPhases = (
				2C2F07D813DE61B3009F60DB /* Sources */,
				2C2F07D913DE61B3009F60DB /* Frameworks */,
				2C2F07DA13DE61B3009F60DB /* Resources */,
			);
			buildRules = (
			);
			dependencies = (
			);
			name = PlazaVeaMovil;
			productName = PlazaVeaMovil;
			productReference = 2C2F07DC13DE61B3009F60DB /* PlazaVeaMovil.app */;
			productType = "com.apple.product-type.application";
		};
/* End PBXNativeTarget section */

/* Begin PBXProject section */
		2C2F07D313DE61B3009F60DB /* Project object */ = {
			isa = PBXProject;
			attributes = {
				ORGANIZATIONNAME = "Bit Zeppelin";
			};
			buildConfigurationList = 2C2F07D613DE61B3009F60DB /* Build configuration list for PBXProject "PlazaVeaMovil" */;
			compatibilityVersion = "Xcode 3.2";
			developmentRegion = English;
			hasScannedForEncodings = 0;
			knownRegions = (
				en,
			);
			mainGroup = 2C2F07D113DE61B3009F60DB;
			productRefGroup = 2C2F07DD13DE61B3009F60DB /* Products */;
			projectDirPath = "";
			projectRoot = "";
			targets = (
				2C2F07DB13DE61B3009F60DB /* PlazaVeaMovil */,
			);
		};
/* End PBXProject section */

/* Begin PBXResourcesBuildPhase section */
		2C2F07DA13DE61B3009F60DB /* Resources */ = {
			isa = PBXResourcesBuildPhase;
			buildActionMask = 2147483647;
			files = (
			);
			runOnlyForDeploymentPostprocessing = 0;
		};
/* End PBXResourcesBuildPhase section */

/* Begin PBXSourcesBuildPhase section */
		2C2F07D813DE61B3009F60DB /* Sources */ = {
			isa = PBXSourcesBuildPhase;
			buildActionMask = 2147483647;
			files = (
				2CE7045D13DE6B4500BB2279 /* AppDelegate.m in Sources */,
				2CE7045E13DE6B4500BB2279 /* main.m in Sources */,
			);
			runOnlyForDeploymentPostprocessing = 0;
		};
/* End PBXSourcesBuildPhase section */

/* Begin XCBuildConfiguration section */
		2C2F07F513DE61B4009F60DB /* Debug */ = {
			isa = XCBuildConfiguration;
			buildSettings = {
				ARCHS = "$(ARCHS_STANDARD_32_BIT)";
				SDKROOT = iphoneos;
			};
			name = Debug;
		};
		2C2F07F613DE61B4009F60DB /* Release */ = {
			isa = XCBuildConfiguration;
			buildSettings = {
				ARCHS = "$(ARCHS_STANDARD_32_BIT)";
				SDKROOT = iphoneos;
			};
			name = Release;
		};
		2C2F07F813DE61B4009F60DB /* Debug */ = {
			isa = XCBuildConfiguration;
			buildSettings = {
				ALWAYS_SEARCH_USER_PATHS = NO;
				CODE_SIGN_IDENTITY = "iPhone Developer";
				"CODE_SIGN_IDENTITY[sdk=*]" = "iPhone Developer";
				COPY_PHASE_STRIP = NO;
				GCC_C_LANGUAGE_STANDARD = gnu99;
				GCC_DYNAMIC_NO_PIC = NO;
				GCC_OPTIMIZATION_LEVEL = 0;
				GCC_PRECOMPILE_PREFIX_HEADER = YES;
				GCC_PREPROCESSOR_DEFINITIONS = DEBUG;
				GCC_SYMBOLS_PRIVATE_EXTERN = NO;
				GCC_VERSION = com.apple.compilers.llvmgcc42;
				GCC_WARN_ABOUT_RETURN_TYPE = YES;
				GCC_WARN_UNUSED_VARIABLE = YES;
				INFOPLIST_FILE = "../Resources/PlazaVeaMovil-Info.plist";
				IPHONEOS_DEPLOYMENT_TARGET = 3.1.3;
				PRODUCT_NAME = "$(TARGET_NAME)";
				PROVISIONING_PROFILE = "";
				"PROVISIONING_PROFILE[sdk=*]" = "";
				SYMROOT = ../build;
				USER_HEADER_SEARCH_PATHS = ../Sources;
				WRAPPER_EXTENSION = app;
			};
			name = Debug;
		};
		2C2F07F913DE61B4009F60DB /* Release */ = {
			isa = XCBuildConfiguration;
			buildSettings = {
				ALWAYS_SEARCH_USER_PATHS = NO;
				CODE_SIGN_IDENTITY = "iPhone Developer";
				"CODE_SIGN_IDENTITY[sdk=*]" = "iPhone Developer";
				COPY_PHASE_STRIP = YES;
				GCC_C_LANGUAGE_STANDARD = gnu99;
				GCC_PRECOMPILE_PREFIX_HEADER = YES;
				GCC_SYMBOLS_PRIVATE_EXTERN = NO;
				GCC_VERSION = com.apple.compilers.llvmgcc42;
				GCC_WARN_ABOUT_RETURN_TYPE = YES;
				GCC_WARN_UNUSED_VARIABLE = YES;
				INFOPLIST_FILE = "../Resources/PlazaVeaMovil-Info.plist";
				IPHONEOS_DEPLOYMENT_TARGET = 3.1.3;
				OTHER_CFLAGS = "-DNS_BLOCK_ASSERTIONS=1";
				PRODUCT_NAME = "$(TARGET_NAME)";
				PROVISIONING_PROFILE = "";
				"PROVISIONING_PROFILE[sdk=*]" = "";
				SYMROOT = ../build;
				USER_HEADER_SEARCH_PATHS = ../Sources;
				VALIDATE_PRODUCT = YES;
				WRAPPER_EXTENSION = app;
			};
			name = Release;
		};
/* End XCBuildConfiguration section */

/* Begin XCConfigurationList section */
		2C2F07D613DE61B3009F60DB /* Build configuration list for PBXProject "PlazaVeaMovil" */ = {
			isa = XCConfigurationList;
			buildConfigurations = (
				2C2F07F513DE61B4009F60DB /* Debug */,
				2C2F07F613DE61B4009F60DB /* Release */,
			);
			defaultConfigurationIsVisible = 0;
			defaultConfigurationName = Release;
		};
		2C2F07F713DE61B4009F60DB /* Build configuration list for PBXNativeTarget "PlazaVeaMovil" */ = {
			isa = XCConfigurationList;
			buildConfigurations = (
				2C2F07F813DE61B4009F60DB /* Debug */,
				2C2F07F913DE61B4009F60DB /* Release */,
			);
			defaultConfigurationIsVisible = 0;
			defaultConfigurationName = Release;
		};
/* End XCConfigurationList section */
	};
	rootObject = 2C2F07D313DE61B3009F60DB /* Project object */;
}
