// !$*UTF8*$!
{
	archiveVersion = 1;
	classes = {
	};
	objectVersion = 46;
	objects = {

/* Begin PBXBuildFile section */
		2C0036FF13EC48BB0029B4EE /* EditableCellTableViewController.m in Sources */ = {isa = PBXBuildFile; fileRef = 2C0036FE13EC48BB0029B4EE /* EditableCellTableViewController.m */; };
		2C02CC2213E71676009DFBF8 /* NSObject+Additions.m in Sources */ = {isa = PBXBuildFile; fileRef = 2C02CC2113E71676009DFBF8 /* NSObject+Additions.m */; };
		2C02D9D113F999190039E37C /* NSNull+Additions.m in Sources */ = {isa = PBXBuildFile; fileRef = 2C02D9D013F999190039E37C /* NSNull+Additions.m */; };
		2C0DBE9313E8C1C000F705C1 /* AppDelegate+Defaults.m in Sources */ = {isa = PBXBuildFile; fileRef = 2C0DBE9213E8C1C000F705C1 /* AppDelegate+Defaults.m */; };
		2C1D792913E87C58000FD96C /* Constants.m in Sources */ = {isa = PBXBuildFile; fileRef = 2C1D792813E87C58000FD96C /* Constants.m */; };
		2C2379A813EC4CA700A6E1FD /* NSString+Additions.m in Sources */ = {isa = PBXBuildFile; fileRef = 2C2379A713EC4CA700A6E1FD /* NSString+Additions.m */; };
		2C277CDC13FDA99600E0228D /* ShoppingListController+MFMailComposeViewControllerDelegate.m in Sources */ = {isa = PBXBuildFile; fileRef = 2C277CDB13FDA99600E0228D /* ShoppingListController+MFMailComposeViewControllerDelegate.m */; };
		2C279D5E13F2D5E900832A46 /* ShoppingListController+TSAlertViewDelegate.m in Sources */ = {isa = PBXBuildFile; fileRef = 2C279D5D13F2D5E900832A46 /* ShoppingListController+TSAlertViewDelegate.m */; };
		2C2DA9CC13F0BB9E00D80BB0 /* ShoppingListsController.m in Sources */ = {isa = PBXBuildFile; fileRef = 2C2DA9CA13F0BB9E00D80BB0 /* ShoppingListsController.m */; };
		2C2DF1F913F7A24300D4E70B /* NSMutableArray+Additions.m in Sources */ = {isa = PBXBuildFile; fileRef = 2C2DF1F813F7A24300D4E70B /* NSMutableArray+Additions.m */; };
		2C2F07E113DE61B3009F60DB /* UIKit.framework in Frameworks */ = {isa = PBXBuildFile; fileRef = 2C2F07E013DE61B3009F60DB /* UIKit.framework */; settings = {ATTRIBUTES = (Weak, ); }; };
		2C2F07E313DE61B3009F60DB /* Foundation.framework in Frameworks */ = {isa = PBXBuildFile; fileRef = 2C2F07E213DE61B3009F60DB /* Foundation.framework */; };
		2C2F07E513DE61B3009F60DB /* CoreGraphics.framework in Frameworks */ = {isa = PBXBuildFile; fileRef = 2C2F07E413DE61B3009F60DB /* CoreGraphics.framework */; };
		2C2F07FB13DE661B009F60DB /* CoreData.framework in Frameworks */ = {isa = PBXBuildFile; fileRef = 2C2F07FA13DE661B009F60DB /* CoreData.framework */; };
		2C317F5A13F0C07700BDC645 /* ShoppingListController.m in Sources */ = {isa = PBXBuildFile; fileRef = 2C317F5913F0C07700BDC645 /* ShoppingListController.m */; };
		2C4F5BE213F2E616007B3ADE /* ManagedObject.m in Sources */ = {isa = PBXBuildFile; fileRef = 2C4F5BE013F2E616007B3ADE /* ManagedObject.m */; };
		2C4F5BE313F2E616007B3ADE /* ReorderingManagedObject.m in Sources */ = {isa = PBXBuildFile; fileRef = 2C4F5BE113F2E616007B3ADE /* ReorderingManagedObject.m */; };
		2C691ED013F04BB900E1EFA5 /* TSAlertViewBackground.png in Resources */ = {isa = PBXBuildFile; fileRef = 2C691ECA13F04BB900E1EFA5 /* TSAlertViewBackground.png */; };
		2C691ED113F04BB900E1EFA5 /* TSAlertViewBackground2.png in Resources */ = {isa = PBXBuildFile; fileRef = 2C691ECB13F04BB900E1EFA5 /* TSAlertViewBackground2.png */; };
		2C691ED213F04BB900E1EFA5 /* TSAlertViewButtonBackground_Highlighted.png in Resources */ = {isa = PBXBuildFile; fileRef = 2C691ECC13F04BB900E1EFA5 /* TSAlertViewButtonBackground_Highlighted.png */; };
		2C691ED313F04BB900E1EFA5 /* TSAlertViewButtonBackground.png in Resources */ = {isa = PBXBuildFile; fileRef = 2C691ECD13F04BB900E1EFA5 /* TSAlertViewButtonBackground.png */; };
		2C691ED413F04BB900E1EFA5 /* TSAlertViewCancelButtonBackground.png in Resources */ = {isa = PBXBuildFile; fileRef = 2C691ECE13F04BB900E1EFA5 /* TSAlertViewCancelButtonBackground.png */; };
		2C691ED513F04BB900E1EFA5 /* TSAlertViewMessageListViewShadow.png in Resources */ = {isa = PBXBuildFile; fileRef = 2C691ECF13F04BB900E1EFA5 /* TSAlertViewMessageListViewShadow.png */; };
		2C691EE013F04C4E00E1EFA5 /* TSAlertView.m in Sources */ = {isa = PBXBuildFile; fileRef = 2C691ED913F04C4E00E1EFA5 /* TSAlertView.m */; };
		2C6C5E7013E66CF8000B0E10 /* AppDelegate+CoreData.m in Sources */ = {isa = PBXBuildFile; fileRef = 2C6C5E6F13E66CF8000B0E10 /* AppDelegate+CoreData.m */; };
		2C6CF2A113FD9A6A00A93C7F /* MessageUI.framework in Frameworks */ = {isa = PBXBuildFile; fileRef = 2C6CF2A013FD9A6A00A93C7F /* MessageUI.framework */; };
		2C75709613FEBA5700D23659 /* HistoryEntryController+UITableViewDataSource.m in Sources */ = {isa = PBXBuildFile; fileRef = 2C75709413FEBA5700D23659 /* HistoryEntryController+UITableViewDataSource.m */; };
		2C75709713FEBA5700D23659 /* HistoryEntryController+UITableViewDelegate.m in Sources */ = {isa = PBXBuildFile; fileRef = 2C75709513FEBA5700D23659 /* HistoryEntryController+UITableViewDelegate.m */; };
		2C79B4A713EC4DD100940A6E /* EditableCellTableViewController+UITextFieldDelegate.m in Sources */ = {isa = PBXBuildFile; fileRef = 2C79B4A613EC4DD100940A6E /* EditableCellTableViewController+UITextFieldDelegate.m */; };
		2C7BF76D13F2CF8500053BA8 /* ShoppingListsController+TSAlertViewDelegate.m in Sources */ = {isa = PBXBuildFile; fileRef = 2C7BF76C13F2CF8500053BA8 /* ShoppingListsController+TSAlertViewDelegate.m */; };
		2C7FCE2513F21073006004FB /* ShoppingListHeaderView.m in Sources */ = {isa = PBXBuildFile; fileRef = 2C7FCE2413F21073006004FB /* ShoppingListHeaderView.m */; };
		2C81DF3813FC85600058BB51 /* TSAlertView+ShoppingListDeletionConfirmation.m in Sources */ = {isa = PBXBuildFile; fileRef = 2C81DF3713FC85600058BB51 /* TSAlertView+ShoppingListDeletionConfirmation.m */; };
		2C844C0113F95F2F000BE222 /* HistoryEntryController.m in Sources */ = {isa = PBXBuildFile; fileRef = 2C844C0013F95F2F000BE222 /* HistoryEntryController.m */; };
		2C8E748313FDC482007BA731 /* TSAlertView+ModifyingShoppingItemAlertView.m in Sources */ = {isa = PBXBuildFile; fileRef = 2C8E748213FDC482007BA731 /* TSAlertView+ModifyingShoppingItemAlertView.m */; };
		2CAA197A13FCBCC50045C0A8 /* ShoppingListController+UIActionSheetDelegate.m in Sources */ = {isa = PBXBuildFile; fileRef = 2CAA197913FCBCC50045C0A8 /* ShoppingListController+UIActionSheetDelegate.m */; };
		2CC21AB613F3468F008BE6DB /* Models.m in Sources */ = {isa = PBXBuildFile; fileRef = 2CC21AB513F3468F008BE6DB /* Models.m */; };
		2CC5A94313F9BDE600B43AA6 /* TSAlertView+NewShoppingItemAlertView.m in Sources */ = {isa = PBXBuildFile; fileRef = 2CC5A94113F9BDE600B43AA6 /* TSAlertView+NewShoppingItemAlertView.m */; };
		2CD9933E13E65DA400879980 /* NSError+Additions.m in Sources */ = {isa = PBXBuildFile; fileRef = 2CD9933A13E65DA400879980 /* NSError+Additions.m */; };
		2CD9933F13E65DA400879980 /* NSFileManager+Additions.m in Sources */ = {isa = PBXBuildFile; fileRef = 2CD9933B13E65DA400879980 /* NSFileManager+Additions.m */; };
		2CDCBD0B13EA585100E4E310 /* Localizable.strings in Resources */ = {isa = PBXBuildFile; fileRef = 2CDCBD0913EA585100E4E310 /* Localizable.strings */; };
		2CDD810A13FCB674007A06A4 /* UIActionSheet+ShoppingListMenu.m in Sources */ = {isa = PBXBuildFile; fileRef = 2CDD810913FCB674007A06A4 /* UIActionSheet+ShoppingListMenu.m */; };
		2CE52FBC13EBC19A00A5D7FE /* EditableTableViewController+NSFetchedResultsControllerDelegate.m in Sources */ = {isa = PBXBuildFile; fileRef = 2CE52FB813EBC19A00A5D7FE /* EditableTableViewController+NSFetchedResultsControllerDelegate.m */; };
		2CE52FBD13EBC19A00A5D7FE /* EditableTableViewController+UITableViewDataSource.m in Sources */ = {isa = PBXBuildFile; fileRef = 2CE52FB913EBC19A00A5D7FE /* EditableTableViewController+UITableViewDataSource.m */; };
		2CE52FBE13EBC19A00A5D7FE /* EditableTableViewController+UITableViewDelegate.m in Sources */ = {isa = PBXBuildFile; fileRef = 2CE52FBA13EBC19A00A5D7FE /* EditableTableViewController+UITableViewDelegate.m */; };
		2CE52FBF13EBC19A00A5D7FE /* EditableTableViewController.m in Sources */ = {isa = PBXBuildFile; fileRef = 2CE52FBB13EBC19A00A5D7FE /* EditableTableViewController.m */; };
		2CE6077113EE420600431A7A /* NSURL+Additions.m in Sources */ = {isa = PBXBuildFile; fileRef = 2CE6077013EE420600431A7A /* NSURL+Additions.m */; };
		2CE7045D13DE6B4500BB2279 /* AppDelegate.m in Sources */ = {isa = PBXBuildFile; fileRef = 2CE7045B13DE6B4500BB2279 /* AppDelegate.m */; };
		2CE7045E13DE6B4500BB2279 /* main.m in Sources */ = {isa = PBXBuildFile; fileRef = 2CE7045C13DE6B4500BB2279 /* main.m */; };
		2CE72FB813EC0BD600DDF9C6 /* EditableTableViewCell.m in Sources */ = {isa = PBXBuildFile; fileRef = 2CE72FB713EC0BD600DDF9C6 /* EditableTableViewCell.m */; };
		2CE9779013F2CD97003E9851 /* TSAlertView+NewShoppingListAlertView.m in Sources */ = {isa = PBXBuildFile; fileRef = 2CE9778F13F2CD97003E9851 /* TSAlertView+NewShoppingListAlertView.m */; };
		2CF302C013F33BE500D9A95F /* NSManagedObjectContext+Additions.m in Sources */ = {isa = PBXBuildFile; fileRef = 2CF302BF13F33BE500D9A95F /* NSManagedObjectContext+Additions.m */; };
		2CFE570A13F3691F003F9601 /* Constants.m in Sources */ = {isa = PBXBuildFile; fileRef = 2CFE570913F3691F003F9601 /* Constants.m */; };
		3201088596B4756681693705 /* libThree20UICommon.a in Frameworks */ = {isa = PBXBuildFile; fileRef = 3201088596B4756681693704 /* libThree20UICommon.a */; };
		3206A0F794A6D7A3F259DBF5 /* libextThree20JSON+SBJSON.a in Frameworks */ = {isa = PBXBuildFile; fileRef = 3206A0F794A6D7A3F259DBF4 /* libextThree20JSON+SBJSON.a */; };
		320A2827FEC940B25BC42C65 /* libThree20Core.a in Frameworks */ = {isa = PBXBuildFile; fileRef = 320A2827FEC940B25BC42C64 /* libThree20Core.a */; };
		320A5A189C235877202780D5 /* libThree20Network.a in Frameworks */ = {isa = PBXBuildFile; fileRef = 320A5A189C235877202780D4 /* libThree20Network.a */; };
		320A737074758E53BA54BE95 /* libThree20UINavigator.a in Frameworks */ = {isa = PBXBuildFile; fileRef = 320A737074758E53BA54BE94 /* libThree20UINavigator.a */; };
		320AF8492C47A4D819F7C451 /* QuartzCore.framework in Frameworks */ = {isa = PBXBuildFile; fileRef = 320AF8492C47A4D819F7C450 /* QuartzCore.framework */; };
		320B6C86F11D9990244A9731 /* Three20.bundle in Resources */ = {isa = PBXBuildFile; fileRef = 320B6C86F11D9990244A9730 /* Three20.bundle */; };
		320CC833B8AF0ACFD35E6225 /* libThree20Style.a in Frameworks */ = {isa = PBXBuildFile; fileRef = 320CC833B8AF0ACFD35E6224 /* libThree20Style.a */; };
		320D7DCCE32703ACAB9A45E5 /* libThree20.a in Frameworks */ = {isa = PBXBuildFile; fileRef = 320D7DCCE32703ACAB9A45E4 /* libThree20.a */; };
		320F2C48872C2E2C4DF86205 /* libThree20UI.a in Frameworks */ = {isa = PBXBuildFile; fileRef = 320F2C48872C2E2C4DF86204 /* libThree20UI.a */; };
/* End PBXBuildFile section */

/* Begin PBXContainerItemProxy section */
		2C0189D913DE8398007A68A9 /* PBXContainerItemProxy */ = {
			isa = PBXContainerItemProxy;
			containerPortal = 3206A0F794A6D7A3F259DBF0 /* extThree20JSON.xcodeproj */;
			proxyType = 2;
			remoteGlobalIDString = 6E645BD91187751200F08CB1;
			remoteInfo = "extThree20JSON+YAJL";
		};
		2C0189DB13DE8398007A68A9 /* PBXContainerItemProxy */ = {
			isa = PBXContainerItemProxy;
			containerPortal = 3206A0F794A6D7A3F259DBF0 /* extThree20JSON.xcodeproj */;
			proxyType = 2;
			remoteGlobalIDString = EB9E6C6210B6A8F800DE563C;
			remoteInfo = "extThree20JSONUnitTests+SBJSON";
		};
		2C0189DE13DE8398007A68A9 /* PBXContainerItemProxy */ = {
			isa = PBXContainerItemProxy;
			containerPortal = 320D7DCCE32703ACAB9A45E0 /* Three20.xcodeproj */;
			proxyType = 2;
			remoteGlobalIDString = EB9E6C6210B6A8F800DE563C;
			remoteInfo = Three20UnitTests;
		};
		2C0189E113DE8398007A68A9 /* PBXContainerItemProxy */ = {
			isa = PBXContainerItemProxy;
			containerPortal = 320A2827FEC940B25BC42C60 /* Three20Core.xcodeproj */;
			proxyType = 2;
			remoteGlobalIDString = EB9E6C6210B6A8F800DE563C;
			remoteInfo = Three20CoreUnitTests;
		};
		2C0189E613DE8398007A68A9 /* PBXContainerItemProxy */ = {
			isa = PBXContainerItemProxy;
			containerPortal = 320A5A189C235877202780D0 /* Three20Network.xcodeproj */;
			proxyType = 2;
			remoteGlobalIDString = 662D81EF12630516005851C2;
			remoteInfo = "Three20Network-Xcode3.2.5";
		};
		2C0189E813DE8398007A68A9 /* PBXContainerItemProxy */ = {
			isa = PBXContainerItemProxy;
			containerPortal = 320A5A189C235877202780D0 /* Three20Network.xcodeproj */;
			proxyType = 2;
			remoteGlobalIDString = EB9E6C6210B6A8F800DE563C;
			remoteInfo = Three20NetworkUnitTests;
		};
		2C0189EA13DE8398007A68A9 /* PBXContainerItemProxy */ = {
			isa = PBXContainerItemProxy;
			containerPortal = 320A5A189C235877202780D0 /* Three20Network.xcodeproj */;
			proxyType = 2;
			remoteGlobalIDString = 662D81B2126304EB005851C2;
			remoteInfo = "Three20NetworkUnitTests-Xcode3.2.5";
		};
		2C0189ED13DE8398007A68A9 /* PBXContainerItemProxy */ = {
			isa = PBXContainerItemProxy;
			containerPortal = 320CC833B8AF0ACFD35E6220 /* Three20Style.xcodeproj */;
			proxyType = 2;
			remoteGlobalIDString = EB9E6C6210B6A8F800DE563C;
			remoteInfo = Three20StyleUnitTests;
		};
		2C0189F013DE8398007A68A9 /* PBXContainerItemProxy */ = {
			isa = PBXContainerItemProxy;
			containerPortal = 320F2C48872C2E2C4DF86200 /* Three20UI.xcodeproj */;
			proxyType = 2;
			remoteGlobalIDString = EB9E6C6210B6A8F800DE563C;
			remoteInfo = Three20UIUnitTests;
		};
		2C0189F313DE8398007A68A9 /* PBXContainerItemProxy */ = {
			isa = PBXContainerItemProxy;
			containerPortal = 3201088596B4756681693700 /* Three20UICommon.xcodeproj */;
			proxyType = 2;
			remoteGlobalIDString = EB9E6C6210B6A8F800DE563C;
			remoteInfo = Three20UICommonUnitTests;
		};
		2C0189F613DE8398007A68A9 /* PBXContainerItemProxy */ = {
			isa = PBXContainerItemProxy;
			containerPortal = 320A737074758E53BA54BE90 /* Three20UINavigator.xcodeproj */;
			proxyType = 2;
			remoteGlobalIDString = EB9E6C6210B6A8F800DE563C;
			remoteInfo = Three20UINavigatorUnitTests;
		};
		3201088596B4756681693702 /* PBXContainerItemProxy */ = {
			isa = PBXContainerItemProxy;
			containerPortal = 3201088596B4756681693700 /* Three20UICommon.xcodeproj */;
			proxyType = 1;
			remoteGlobalIDString = BEF31F390F352DF5000DE5D2;
			remoteInfo = Three20UICommon;
		};
		3201088596B4756681693706 /* PBXContainerItemProxy */ = {
			isa = PBXContainerItemProxy;
			containerPortal = 3201088596B4756681693700 /* Three20UICommon.xcodeproj */;
			proxyType = 2;
			remoteGlobalIDString = BEF31F3A0F352DF5000DE5D2;
			remoteInfo = Three20UICommon;
		};
		3206A0F794A6D7A3F259DBF2 /* PBXContainerItemProxy */ = {
			isa = PBXContainerItemProxy;
			containerPortal = 3206A0F794A6D7A3F259DBF0 /* extThree20JSON.xcodeproj */;
			proxyType = 1;
			remoteGlobalIDString = BEF31F390F352DF5000DE5D2;
			remoteInfo = extThree20JSON;
		};
		3206A0F794A6D7A3F259DBF6 /* PBXContainerItemProxy */ = {
			isa = PBXContainerItemProxy;
			containerPortal = 3206A0F794A6D7A3F259DBF0 /* extThree20JSON.xcodeproj */;
			proxyType = 2;
			remoteGlobalIDString = BEF31F3A0F352DF5000DE5D2;
			remoteInfo = extThree20JSON;
		};
		320A2827FEC940B25BC42C62 /* PBXContainerItemProxy */ = {
			isa = PBXContainerItemProxy;
			containerPortal = 320A2827FEC940B25BC42C60 /* Three20Core.xcodeproj */;
			proxyType = 1;
			remoteGlobalIDString = BEF31F390F352DF5000DE5D2;
			remoteInfo = Three20Core;
		};
		320A2827FEC940B25BC42C66 /* PBXContainerItemProxy */ = {
			isa = PBXContainerItemProxy;
			containerPortal = 320A2827FEC940B25BC42C60 /* Three20Core.xcodeproj */;
			proxyType = 2;
			remoteGlobalIDString = BEF31F3A0F352DF5000DE5D2;
			remoteInfo = Three20Core;
		};
		320A5A189C235877202780D2 /* PBXContainerItemProxy */ = {
			isa = PBXContainerItemProxy;
			containerPortal = 320A5A189C235877202780D0 /* Three20Network.xcodeproj */;
			proxyType = 1;
			remoteGlobalIDString = BEF31F390F352DF5000DE5D2;
			remoteInfo = Three20Network;
		};
		320A5A189C235877202780D6 /* PBXContainerItemProxy */ = {
			isa = PBXContainerItemProxy;
			containerPortal = 320A5A189C235877202780D0 /* Three20Network.xcodeproj */;
			proxyType = 2;
			remoteGlobalIDString = BEF31F3A0F352DF5000DE5D2;
			remoteInfo = Three20Network;
		};
		320A737074758E53BA54BE92 /* PBXContainerItemProxy */ = {
			isa = PBXContainerItemProxy;
			containerPortal = 320A737074758E53BA54BE90 /* Three20UINavigator.xcodeproj */;
			proxyType = 1;
			remoteGlobalIDString = BEF31F390F352DF5000DE5D2;
			remoteInfo = Three20UINavigator;
		};
		320A737074758E53BA54BE96 /* PBXContainerItemProxy */ = {
			isa = PBXContainerItemProxy;
			containerPortal = 320A737074758E53BA54BE90 /* Three20UINavigator.xcodeproj */;
			proxyType = 2;
			remoteGlobalIDString = BEF31F3A0F352DF5000DE5D2;
			remoteInfo = Three20UINavigator;
		};
		320CC833B8AF0ACFD35E6222 /* PBXContainerItemProxy */ = {
			isa = PBXContainerItemProxy;
			containerPortal = 320CC833B8AF0ACFD35E6220 /* Three20Style.xcodeproj */;
			proxyType = 1;
			remoteGlobalIDString = BEF31F390F352DF5000DE5D2;
			remoteInfo = Three20Style;
		};
		320CC833B8AF0ACFD35E6226 /* PBXContainerItemProxy */ = {
			isa = PBXContainerItemProxy;
			containerPortal = 320CC833B8AF0ACFD35E6220 /* Three20Style.xcodeproj */;
			proxyType = 2;
			remoteGlobalIDString = BEF31F3A0F352DF5000DE5D2;
			remoteInfo = Three20Style;
		};
		320D7DCCE32703ACAB9A45E2 /* PBXContainerItemProxy */ = {
			isa = PBXContainerItemProxy;
			containerPortal = 320D7DCCE32703ACAB9A45E0 /* Three20.xcodeproj */;
			proxyType = 1;
			remoteGlobalIDString = BEF31F390F352DF5000DE5D2;
			remoteInfo = Three20;
		};
		320D7DCCE32703ACAB9A45E6 /* PBXContainerItemProxy */ = {
			isa = PBXContainerItemProxy;
			containerPortal = 320D7DCCE32703ACAB9A45E0 /* Three20.xcodeproj */;
			proxyType = 2;
			remoteGlobalIDString = BEF31F3A0F352DF5000DE5D2;
			remoteInfo = Three20;
		};
		320F2C48872C2E2C4DF86202 /* PBXContainerItemProxy */ = {
			isa = PBXContainerItemProxy;
			containerPortal = 320F2C48872C2E2C4DF86200 /* Three20UI.xcodeproj */;
			proxyType = 1;
			remoteGlobalIDString = BEF31F390F352DF5000DE5D2;
			remoteInfo = Three20UI;
		};
		320F2C48872C2E2C4DF86206 /* PBXContainerItemProxy */ = {
			isa = PBXContainerItemProxy;
			containerPortal = 320F2C48872C2E2C4DF86200 /* Three20UI.xcodeproj */;
			proxyType = 2;
			remoteGlobalIDString = BEF31F3A0F352DF5000DE5D2;
			remoteInfo = Three20UI;
		};
/* End PBXContainerItemProxy section */

/* Begin PBXFileReference section */
		2C0036FE13EC48BB0029B4EE /* EditableCellTableViewController.m */ = {isa = PBXFileReference; fileEncoding = 4; lastKnownFileType = sourcecode.c.objc; path = EditableCellTableViewController.m; sourceTree = "<group>"; };
		2C02CC2113E71676009DFBF8 /* NSObject+Additions.m */ = {isa = PBXFileReference; fileEncoding = 4; lastKnownFileType = sourcecode.c.objc; path = "NSObject+Additions.m"; sourceTree = "<group>"; };
		2C02D9D013F999190039E37C /* NSNull+Additions.m */ = {isa = PBXFileReference; fileEncoding = 4; lastKnownFileType = sourcecode.c.objc; path = "NSNull+Additions.m"; sourceTree = "<group>"; };
		2C0DBE9213E8C1C000F705C1 /* AppDelegate+Defaults.m */ = {isa = PBXFileReference; fileEncoding = 4; lastKnownFileType = sourcecode.c.objc; path = "AppDelegate+Defaults.m"; sourceTree = "<group>"; };
		2C1D792813E87C58000FD96C /* Constants.m */ = {isa = PBXFileReference; fileEncoding = 4; lastKnownFileType = sourcecode.c.objc; path = Constants.m; sourceTree = "<group>"; };
		2C2379A713EC4CA700A6E1FD /* NSString+Additions.m */ = {isa = PBXFileReference; fileEncoding = 4; lastKnownFileType = sourcecode.c.objc; path = "NSString+Additions.m"; sourceTree = "<group>"; };
		2C277CDB13FDA99600E0228D /* ShoppingListController+MFMailComposeViewControllerDelegate.m */ = {isa = PBXFileReference; fileEncoding = 4; lastKnownFileType = sourcecode.c.objc; path = "ShoppingListController+MFMailComposeViewControllerDelegate.m"; sourceTree = "<group>"; };
		2C279D5D13F2D5E900832A46 /* ShoppingListController+TSAlertViewDelegate.m */ = {isa = PBXFileReference; fileEncoding = 4; lastKnownFileType = sourcecode.c.objc; path = "ShoppingListController+TSAlertViewDelegate.m"; sourceTree = "<group>"; };
		2C2DA9CA13F0BB9E00D80BB0 /* ShoppingListsController.m */ = {isa = PBXFileReference; fileEncoding = 4; lastKnownFileType = sourcecode.c.objc; path = ShoppingListsController.m; sourceTree = "<group>"; };
		2C2DF1F813F7A24300D4E70B /* NSMutableArray+Additions.m */ = {isa = PBXFileReference; fileEncoding = 4; lastKnownFileType = sourcecode.c.objc; path = "NSMutableArray+Additions.m"; sourceTree = "<group>"; };
		2C2F07DC13DE61B3009F60DB /* PlazaVeaMovil.app */ = {isa = PBXFileReference; explicitFileType = wrapper.application; includeInIndex = 0; path = PlazaVeaMovil.app; sourceTree = BUILT_PRODUCTS_DIR; };
		2C2F07E013DE61B3009F60DB /* UIKit.framework */ = {isa = PBXFileReference; lastKnownFileType = wrapper.framework; name = UIKit.framework; path = System/Library/Frameworks/UIKit.framework; sourceTree = SDKROOT; };
		2C2F07E213DE61B3009F60DB /* Foundation.framework */ = {isa = PBXFileReference; lastKnownFileType = wrapper.framework; name = Foundation.framework; path = System/Library/Frameworks/Foundation.framework; sourceTree = SDKROOT; };
		2C2F07E413DE61B3009F60DB /* CoreGraphics.framework */ = {isa = PBXFileReference; lastKnownFileType = wrapper.framework; name = CoreGraphics.framework; path = System/Library/Frameworks/CoreGraphics.framework; sourceTree = SDKROOT; };
		2C2F07FA13DE661B009F60DB /* CoreData.framework */ = {isa = PBXFileReference; lastKnownFileType = wrapper.framework; name = CoreData.framework; path = System/Library/Frameworks/CoreData.framework; sourceTree = SDKROOT; };
		2C317F5913F0C07700BDC645 /* ShoppingListController.m */ = {isa = PBXFileReference; fileEncoding = 4; lastKnownFileType = sourcecode.c.objc; path = ShoppingListController.m; sourceTree = "<group>"; };
		2C4A0FFB13DEA3A9001E7BD0 /* PlazaVeaMovil-Debug-Info.plist */ = {isa = PBXFileReference; lastKnownFileType = text.plist.xml; path = "PlazaVeaMovil-Debug-Info.plist"; sourceTree = "<group>"; };
		2C4A0FFC13DEA3A9001E7BD0 /* PlazaVeaMovil-Release-Info.plist */ = {isa = PBXFileReference; lastKnownFileType = text.plist.xml; path = "PlazaVeaMovil-Release-Info.plist"; sourceTree = "<group>"; };
		2C4A108313DEAFCA001E7BD0 /* Entitlements.plist */ = {isa = PBXFileReference; lastKnownFileType = text.plist.xml; path = Entitlements.plist; sourceTree = "<group>"; };
		2C4F5BE013F2E616007B3ADE /* ManagedObject.m */ = {isa = PBXFileReference; fileEncoding = 4; lastKnownFileType = sourcecode.c.objc; path = ManagedObject.m; sourceTree = "<group>"; };
		2C4F5BE113F2E616007B3ADE /* ReorderingManagedObject.m */ = {isa = PBXFileReference; fileEncoding = 4; lastKnownFileType = sourcecode.c.objc; path = ReorderingManagedObject.m; sourceTree = "<group>"; };
		2C691ECA13F04BB900E1EFA5 /* TSAlertViewBackground.png */ = {isa = PBXFileReference; lastKnownFileType = image.png; name = TSAlertViewBackground.png; path = ../../TSAlertView/TSAlertView/TSAlertViewBackground.png; sourceTree = "<group>"; };
		2C691ECB13F04BB900E1EFA5 /* TSAlertViewBackground2.png */ = {isa = PBXFileReference; lastKnownFileType = image.png; name = TSAlertViewBackground2.png; path = ../../TSAlertView/TSAlertView/TSAlertViewBackground2.png; sourceTree = "<group>"; };
		2C691ECC13F04BB900E1EFA5 /* TSAlertViewButtonBackground_Highlighted.png */ = {isa = PBXFileReference; lastKnownFileType = image.png; name = TSAlertViewButtonBackground_Highlighted.png; path = ../../TSAlertView/TSAlertView/TSAlertViewButtonBackground_Highlighted.png; sourceTree = "<group>"; };
		2C691ECD13F04BB900E1EFA5 /* TSAlertViewButtonBackground.png */ = {isa = PBXFileReference; lastKnownFileType = image.png; name = TSAlertViewButtonBackground.png; path = ../../TSAlertView/TSAlertView/TSAlertViewButtonBackground.png; sourceTree = "<group>"; };
		2C691ECE13F04BB900E1EFA5 /* TSAlertViewCancelButtonBackground.png */ = {isa = PBXFileReference; lastKnownFileType = image.png; name = TSAlertViewCancelButtonBackground.png; path = ../../TSAlertView/TSAlertView/TSAlertViewCancelButtonBackground.png; sourceTree = "<group>"; };
		2C691ECF13F04BB900E1EFA5 /* TSAlertViewMessageListViewShadow.png */ = {isa = PBXFileReference; lastKnownFileType = image.png; name = TSAlertViewMessageListViewShadow.png; path = ../../TSAlertView/TSAlertView/TSAlertViewMessageListViewShadow.png; sourceTree = "<group>"; };
		2C691ED913F04C4E00E1EFA5 /* TSAlertView.m */ = {isa = PBXFileReference; fileEncoding = 4; lastKnownFileType = sourcecode.c.objc; path = TSAlertView.m; sourceTree = "<group>"; };
		2C6C5E6F13E66CF8000B0E10 /* AppDelegate+CoreData.m */ = {isa = PBXFileReference; fileEncoding = 4; lastKnownFileType = sourcecode.c.objc; path = "AppDelegate+CoreData.m"; sourceTree = "<group>"; };
		2C6CF2A013FD9A6A00A93C7F /* MessageUI.framework */ = {isa = PBXFileReference; lastKnownFileType = wrapper.framework; name = MessageUI.framework; path = System/Library/Frameworks/MessageUI.framework; sourceTree = SDKROOT; };
		2C75709413FEBA5700D23659 /* HistoryEntryController+UITableViewDataSource.m */ = {isa = PBXFileReference; fileEncoding = 4; lastKnownFileType = sourcecode.c.objc; path = "HistoryEntryController+UITableViewDataSource.m"; sourceTree = "<group>"; };
		2C75709513FEBA5700D23659 /* HistoryEntryController+UITableViewDelegate.m */ = {isa = PBXFileReference; fileEncoding = 4; lastKnownFileType = sourcecode.c.objc; path = "HistoryEntryController+UITableViewDelegate.m"; sourceTree = "<group>"; };
		2C79B4A613EC4DD100940A6E /* EditableCellTableViewController+UITextFieldDelegate.m */ = {isa = PBXFileReference; fileEncoding = 4; lastKnownFileType = sourcecode.c.objc; path = "EditableCellTableViewController+UITextFieldDelegate.m"; sourceTree = "<group>"; };
		2C7BF76C13F2CF8500053BA8 /* ShoppingListsController+TSAlertViewDelegate.m */ = {isa = PBXFileReference; fileEncoding = 4; lastKnownFileType = sourcecode.c.objc; path = "ShoppingListsController+TSAlertViewDelegate.m"; sourceTree = "<group>"; };
		2C7FCE2413F21073006004FB /* ShoppingListHeaderView.m */ = {isa = PBXFileReference; fileEncoding = 4; lastKnownFileType = sourcecode.c.objc; path = ShoppingListHeaderView.m; sourceTree = "<group>"; };
		2C81DF3713FC85600058BB51 /* TSAlertView+ShoppingListDeletionConfirmation.m */ = {isa = PBXFileReference; fileEncoding = 4; lastKnownFileType = sourcecode.c.objc; path = "TSAlertView+ShoppingListDeletionConfirmation.m"; sourceTree = "<group>"; };
		2C844C0013F95F2F000BE222 /* HistoryEntryController.m */ = {isa = PBXFileReference; fileEncoding = 4; lastKnownFileType = sourcecode.c.objc; path = HistoryEntryController.m; sourceTree = "<group>"; };
		2C8E748213FDC482007BA731 /* TSAlertView+ModifyingShoppingItemAlertView.m */ = {isa = PBXFileReference; fileEncoding = 4; lastKnownFileType = sourcecode.c.objc; path = "TSAlertView+ModifyingShoppingItemAlertView.m"; sourceTree = "<group>"; };
		2CAA197913FCBCC50045C0A8 /* ShoppingListController+UIActionSheetDelegate.m */ = {isa = PBXFileReference; fileEncoding = 4; lastKnownFileType = sourcecode.c.objc; path = "ShoppingListController+UIActionSheetDelegate.m"; sourceTree = "<group>"; };
		2CC21AB513F3468F008BE6DB /* Models.m */ = {isa = PBXFileReference; fileEncoding = 4; lastKnownFileType = sourcecode.c.objc; path = Models.m; sourceTree = "<group>"; };
		2CC5A94113F9BDE600B43AA6 /* TSAlertView+NewShoppingItemAlertView.m */ = {isa = PBXFileReference; fileEncoding = 4; lastKnownFileType = sourcecode.c.objc; path = "TSAlertView+NewShoppingItemAlertView.m"; sourceTree = "<group>"; };
		2CD9933A13E65DA400879980 /* NSError+Additions.m */ = {isa = PBXFileReference; fileEncoding = 4; lastKnownFileType = sourcecode.c.objc; path = "NSError+Additions.m"; sourceTree = "<group>"; };
		2CD9933B13E65DA400879980 /* NSFileManager+Additions.m */ = {isa = PBXFileReference; fileEncoding = 4; lastKnownFileType = sourcecode.c.objc; path = "NSFileManager+Additions.m"; sourceTree = "<group>"; };
		2CDCBD0A13EA585100E4E310 /* es */ = {isa = PBXFileReference; lastKnownFileType = text.plist.strings; name = es; path = Localizable.strings; sourceTree = "<group>"; };
		2CDD810913FCB674007A06A4 /* UIActionSheet+ShoppingListMenu.m */ = {isa = PBXFileReference; fileEncoding = 4; lastKnownFileType = sourcecode.c.objc; path = "UIActionSheet+ShoppingListMenu.m"; sourceTree = "<group>"; };
		2CE52FB813EBC19A00A5D7FE /* EditableTableViewController+NSFetchedResultsControllerDelegate.m */ = {isa = PBXFileReference; fileEncoding = 4; lastKnownFileType = sourcecode.c.objc; path = "EditableTableViewController+NSFetchedResultsControllerDelegate.m"; sourceTree = "<group>"; };
		2CE52FB913EBC19A00A5D7FE /* EditableTableViewController+UITableViewDataSource.m */ = {isa = PBXFileReference; fileEncoding = 4; lastKnownFileType = sourcecode.c.objc; path = "EditableTableViewController+UITableViewDataSource.m"; sourceTree = "<group>"; };
		2CE52FBA13EBC19A00A5D7FE /* EditableTableViewController+UITableViewDelegate.m */ = {isa = PBXFileReference; fileEncoding = 4; lastKnownFileType = sourcecode.c.objc; path = "EditableTableViewController+UITableViewDelegate.m"; sourceTree = "<group>"; };
		2CE52FBB13EBC19A00A5D7FE /* EditableTableViewController.m */ = {isa = PBXFileReference; fileEncoding = 4; lastKnownFileType = sourcecode.c.objc; path = EditableTableViewController.m; sourceTree = "<group>"; };
		2CE6077013EE420600431A7A /* NSURL+Additions.m */ = {isa = PBXFileReference; fileEncoding = 4; lastKnownFileType = sourcecode.c.objc; path = "NSURL+Additions.m"; sourceTree = "<group>"; };
		2CE7045B13DE6B4500BB2279 /* AppDelegate.m */ = {isa = PBXFileReference; fileEncoding = 4; lastKnownFileType = sourcecode.c.objc; path = AppDelegate.m; sourceTree = "<group>"; };
		2CE7045C13DE6B4500BB2279 /* main.m */ = {isa = PBXFileReference; fileEncoding = 4; lastKnownFileType = sourcecode.c.objc; path = main.m; sourceTree = "<group>"; };
		2CE72FB713EC0BD600DDF9C6 /* EditableTableViewCell.m */ = {isa = PBXFileReference; fileEncoding = 4; lastKnownFileType = sourcecode.c.objc; path = EditableTableViewCell.m; sourceTree = "<group>"; };
		2CE9778F13F2CD97003E9851 /* TSAlertView+NewShoppingListAlertView.m */ = {isa = PBXFileReference; fileEncoding = 4; lastKnownFileType = sourcecode.c.objc; path = "TSAlertView+NewShoppingListAlertView.m"; sourceTree = "<group>"; };
		2CF302BF13F33BE500D9A95F /* NSManagedObjectContext+Additions.m */ = {isa = PBXFileReference; fileEncoding = 4; lastKnownFileType = sourcecode.c.objc; path = "NSManagedObjectContext+Additions.m"; sourceTree = "<group>"; };
		2CFE570913F3691F003F9601 /* Constants.m */ = {isa = PBXFileReference; fileEncoding = 4; lastKnownFileType = sourcecode.c.objc; path = Constants.m; sourceTree = "<group>"; };
		3201088596B4756681693700 /* Three20UICommon.xcodeproj */ = {isa = PBXFileReference; lastKnownFileType = "wrapper.pb-project"; name = Three20UICommon.xcodeproj; path = ../../Three20/src/Three20UICommon/Three20UICommon.xcodeproj; sourceTree = SOURCE_ROOT; };
		3206A0F794A6D7A3F259DBF0 /* extThree20JSON.xcodeproj */ = {isa = PBXFileReference; lastKnownFileType = "wrapper.pb-project"; name = extThree20JSON.xcodeproj; path = ../../Three20/src/extThree20JSON/extThree20JSON.xcodeproj; sourceTree = SOURCE_ROOT; };
		320A2827FEC940B25BC42C60 /* Three20Core.xcodeproj */ = {isa = PBXFileReference; lastKnownFileType = "wrapper.pb-project"; name = Three20Core.xcodeproj; path = ../../Three20/src/Three20Core/Three20Core.xcodeproj; sourceTree = SOURCE_ROOT; };
		320A5A189C235877202780D0 /* Three20Network.xcodeproj */ = {isa = PBXFileReference; lastKnownFileType = "wrapper.pb-project"; name = Three20Network.xcodeproj; path = ../../Three20/src/Three20Network/Three20Network.xcodeproj; sourceTree = SOURCE_ROOT; };
		320A737074758E53BA54BE90 /* Three20UINavigator.xcodeproj */ = {isa = PBXFileReference; lastKnownFileType = "wrapper.pb-project"; name = Three20UINavigator.xcodeproj; path = ../../Three20/src/Three20UINavigator/Three20UINavigator.xcodeproj; sourceTree = SOURCE_ROOT; };
		320AF8492C47A4D819F7C450 /* QuartzCore.framework */ = {isa = PBXFileReference; lastKnownFileType = wrapper.framework; name = QuartzCore.framework; path = System/Library/Frameworks/QuartzCore.framework; sourceTree = SDKROOT; };
		320B6C86F11D9990244A9730 /* Three20.bundle */ = {isa = PBXFileReference; lastKnownFileType = "wrapper.plug-in"; name = Three20.bundle; path = ../../Three20/src/Three20.bundle; sourceTree = SOURCE_ROOT; };
		320CC833B8AF0ACFD35E6220 /* Three20Style.xcodeproj */ = {isa = PBXFileReference; lastKnownFileType = "wrapper.pb-project"; name = Three20Style.xcodeproj; path = ../../Three20/src/Three20Style/Three20Style.xcodeproj; sourceTree = SOURCE_ROOT; };
		320D7DCCE32703ACAB9A45E0 /* Three20.xcodeproj */ = {isa = PBXFileReference; lastKnownFileType = "wrapper.pb-project"; name = Three20.xcodeproj; path = ../../Three20/src/Three20/Three20.xcodeproj; sourceTree = SOURCE_ROOT; };
		320F2C48872C2E2C4DF86200 /* Three20UI.xcodeproj */ = {isa = PBXFileReference; lastKnownFileType = "wrapper.pb-project"; name = Three20UI.xcodeproj; path = ../../Three20/src/Three20UI/Three20UI.xcodeproj; sourceTree = SOURCE_ROOT; };
/* End PBXFileReference section */

/* Begin PBXFrameworksBuildPhase section */
		2C2F07D913DE61B3009F60DB /* Frameworks */ = {
			isa = PBXFrameworksBuildPhase;
			buildActionMask = 2147483647;
			files = (
				3206A0F794A6D7A3F259DBF5 /* libextThree20JSON+SBJSON.a in Frameworks */,
				3201088596B4756681693705 /* libThree20UICommon.a in Frameworks */,
				320D7DCCE32703ACAB9A45E5 /* libThree20.a in Frameworks */,
				320A737074758E53BA54BE95 /* libThree20UINavigator.a in Frameworks */,
				320A2827FEC940B25BC42C65 /* libThree20Core.a in Frameworks */,
				320F2C48872C2E2C4DF86205 /* libThree20UI.a in Frameworks */,
				320AF8492C47A4D819F7C451 /* QuartzCore.framework in Frameworks */,
				320A5A189C235877202780D5 /* libThree20Network.a in Frameworks */,
				320CC833B8AF0ACFD35E6225 /* libThree20Style.a in Frameworks */,
				2C2F07FB13DE661B009F60DB /* CoreData.framework in Frameworks */,
				2C2F07E113DE61B3009F60DB /* UIKit.framework in Frameworks */,
				2C2F07E313DE61B3009F60DB /* Foundation.framework in Frameworks */,
				2C2F07E513DE61B3009F60DB /* CoreGraphics.framework in Frameworks */,
				2C6CF2A113FD9A6A00A93C7F /* MessageUI.framework in Frameworks */,
			);
			runOnlyForDeploymentPostprocessing = 0;
		};
/* End PBXFrameworksBuildPhase section */

/* Begin PBXGroup section */
		2C25BD3313E8F88F00A4311B /* Views */ = {
			isa = PBXGroup;
			children = (
				2CE72FB713EC0BD600DDF9C6 /* EditableTableViewCell.m */,
			);
			path = Views;
			sourceTree = "<group>";
		};
		2C2F07D113DE61B3009F60DB = {
			isa = PBXGroup;
			children = (
				2C2F07FD13DE6692009F60DB /* Sources */,
				2C691ED613F04BEC00E1EFA5 /* Dependencies */,
				2C2F07FC13DE6692009F60DB /* Resources */,
				2C2F07DF13DE61B3009F60DB /* Frameworks */,
				2C2F07DD13DE61B3009F60DB /* Products */,
			);
			sourceTree = "<group>";
		};
		2C2F07DD13DE61B3009F60DB /* Products */ = {
			isa = PBXGroup;
			children = (
				2C2F07DC13DE61B3009F60DB /* PlazaVeaMovil.app */,
			);
			name = Products;
			sourceTree = "<group>";
		};
		2C2F07DF13DE61B3009F60DB /* Frameworks */ = {
			isa = PBXGroup;
			children = (
				3206A0F794A6D7A3F259DBF0 /* extThree20JSON.xcodeproj */,
				3201088596B4756681693700 /* Three20UICommon.xcodeproj */,
				320D7DCCE32703ACAB9A45E0 /* Three20.xcodeproj */,
				320A737074758E53BA54BE90 /* Three20UINavigator.xcodeproj */,
				320A2827FEC940B25BC42C60 /* Three20Core.xcodeproj */,
				320F2C48872C2E2C4DF86200 /* Three20UI.xcodeproj */,
				320A5A189C235877202780D0 /* Three20Network.xcodeproj */,
				320CC833B8AF0ACFD35E6220 /* Three20Style.xcodeproj */,
				2C2F07E213DE61B3009F60DB /* Foundation.framework */,
				2C2F07E013DE61B3009F60DB /* UIKit.framework */,
				2C2F07E413DE61B3009F60DB /* CoreGraphics.framework */,
				320AF8492C47A4D819F7C450 /* QuartzCore.framework */,
				2C2F07FA13DE661B009F60DB /* CoreData.framework */,
				2C6CF2A013FD9A6A00A93C7F /* MessageUI.framework */,
			);
			name = Frameworks;
			sourceTree = "<group>";
		};
		2C2F07FC13DE6692009F60DB /* Resources */ = {
			isa = PBXGroup;
			children = (
				2C691ECA13F04BB900E1EFA5 /* TSAlertViewBackground.png */,
				2C691ECB13F04BB900E1EFA5 /* TSAlertViewBackground2.png */,
				2C691ECC13F04BB900E1EFA5 /* TSAlertViewButtonBackground_Highlighted.png */,
				2C691ECD13F04BB900E1EFA5 /* TSAlertViewButtonBackground.png */,
				2C691ECE13F04BB900E1EFA5 /* TSAlertViewCancelButtonBackground.png */,
				2C691ECF13F04BB900E1EFA5 /* TSAlertViewMessageListViewShadow.png */,
				2CDCBD0813EA585100E4E310 /* es.lproj */,
				2C4A108313DEAFCA001E7BD0 /* Entitlements.plist */,
				2C4A0FFB13DEA3A9001E7BD0 /* PlazaVeaMovil-Debug-Info.plist */,
				2C4A0FFC13DEA3A9001E7BD0 /* PlazaVeaMovil-Release-Info.plist */,
				320B6C86F11D9990244A9730 /* Three20.bundle */,
			);
			name = Resources;
			path = ../Resources;
			sourceTree = "<group>";
		};
		2C2F07FD13DE6692009F60DB /* Sources */ = {
			isa = PBXGroup;
			children = (
				2C864B1E13E729BF00D46066 /* ShoppingList */,
				2CD9933813E65DA400879980 /* Common */,
				2CE7045913DE6B4500BB2279 /* Application */,
			);
			name = Sources;
			path = ../Sources;
			sourceTree = "<group>";
		};
		2C4F5BDF13F2E616007B3ADE /* Models */ = {
			isa = PBXGroup;
			children = (
				2CFE570913F3691F003F9601 /* Constants.m */,
				2C4F5BE013F2E616007B3ADE /* ManagedObject.m */,
				2C4F5BE113F2E616007B3ADE /* ReorderingManagedObject.m */,
			);
			path = Models;
			sourceTree = "<group>";
		};
		2C691ED613F04BEC00E1EFA5 /* Dependencies */ = {
			isa = PBXGroup;
			children = (
				2C691ED713F04C4E00E1EFA5 /* TSAlertView */,
			);
			name = Dependencies;
			path = ../..;
			sourceTree = "<group>";
		};
		2C691ED713F04C4E00E1EFA5 /* TSAlertView */ = {
			isa = PBXGroup;
			children = (
				2C691ED913F04C4E00E1EFA5 /* TSAlertView.m */,
			);
			name = TSAlertView;
			path = TSAlertView/TSAlertView;
			sourceTree = "<group>";
		};
		2C864B1E13E729BF00D46066 /* ShoppingList */ = {
			isa = PBXGroup;
			children = (
				2C75709413FEBA5700D23659 /* HistoryEntryController+UITableViewDataSource.m */,
				2C75709513FEBA5700D23659 /* HistoryEntryController+UITableViewDelegate.m */,
				2C844C0013F95F2F000BE222 /* HistoryEntryController.m */,
				2C317F5913F0C07700BDC645 /* ShoppingListController.m */,
				2C277CDB13FDA99600E0228D /* ShoppingListController+MFMailComposeViewControllerDelegate.m */,
				2CAA197913FCBCC50045C0A8 /* ShoppingListController+UIActionSheetDelegate.m */,
				2C279D5D13F2D5E900832A46 /* ShoppingListController+TSAlertViewDelegate.m */,
				2C2DA9CA13F0BB9E00D80BB0 /* ShoppingListsController.m */,
				2C7BF76C13F2CF8500053BA8 /* ShoppingListsController+TSAlertViewDelegate.m */,
				2CDD810913FCB674007A06A4 /* UIActionSheet+ShoppingListMenu.m */,
				2C8E748213FDC482007BA731 /* TSAlertView+ModifyingShoppingItemAlertView.m */,
				2C81DF3713FC85600058BB51 /* TSAlertView+ShoppingListDeletionConfirmation.m */,
				2CE9778F13F2CD97003E9851 /* TSAlertView+NewShoppingListAlertView.m */,
				2CC5A94113F9BDE600B43AA6 /* TSAlertView+NewShoppingItemAlertView.m */,
				2C7FCE2413F21073006004FB /* ShoppingListHeaderView.m */,
				2CC21AB513F3468F008BE6DB /* Models.m */,
				2C1D792813E87C58000FD96C /* Constants.m */,
			);
			path = ShoppingList;
			sourceTree = "<group>";
		};
		2CD9933813E65DA400879980 /* Common */ = {
			isa = PBXGroup;
			children = (
				2CD9933913E65DA400879980 /* Additions */,
				2CE52FB713EBC19A00A5D7FE /* Controllers */,
				2C4F5BDF13F2E616007B3ADE /* Models */,
				2C25BD3313E8F88F00A4311B /* Views */,
			);
			path = Common;
			sourceTree = "<group>";
		};
		2CD9933913E65DA400879980 /* Additions */ = {
			isa = PBXGroup;
			children = (
				2C02D9D013F999190039E37C /* NSNull+Additions.m */,
				2C2DF1F813F7A24300D4E70B /* NSMutableArray+Additions.m */,
				2CF302BF13F33BE500D9A95F /* NSManagedObjectContext+Additions.m */,
				2CE6077013EE420600431A7A /* NSURL+Additions.m */,
				2C2379A713EC4CA700A6E1FD /* NSString+Additions.m */,
				2C02CC2113E71676009DFBF8 /* NSObject+Additions.m */,
				2CD9933A13E65DA400879980 /* NSError+Additions.m */,
				2CD9933B13E65DA400879980 /* NSFileManager+Additions.m */,
			);
			path = Additions;
			sourceTree = "<group>";
		};
		2CDCBD0813EA585100E4E310 /* es.lproj */ = {
			isa = PBXGroup;
			children = (
				2CDCBD0913EA585100E4E310 /* Localizable.strings */,
			);
			path = es.lproj;
			sourceTree = "<group>";
		};
		2CE52FB713EBC19A00A5D7FE /* Controllers */ = {
			isa = PBXGroup;
			children = (
				2C79B4A613EC4DD100940A6E /* EditableCellTableViewController+UITextFieldDelegate.m */,
				2C0036FE13EC48BB0029B4EE /* EditableCellTableViewController.m */,
				2CE52FB813EBC19A00A5D7FE /* EditableTableViewController+NSFetchedResultsControllerDelegate.m */,
				2CE52FB913EBC19A00A5D7FE /* EditableTableViewController+UITableViewDataSource.m */,
				2CE52FBA13EBC19A00A5D7FE /* EditableTableViewController+UITableViewDelegate.m */,
				2CE52FBB13EBC19A00A5D7FE /* EditableTableViewController.m */,
			);
			path = Controllers;
			sourceTree = "<group>";
		};
		2CE7045913DE6B4500BB2279 /* Application */ = {
			isa = PBXGroup;
			children = (
				2C0DBE9213E8C1C000F705C1 /* AppDelegate+Defaults.m */,
				2C6C5E6F13E66CF8000B0E10 /* AppDelegate+CoreData.m */,
				2CE7045B13DE6B4500BB2279 /* AppDelegate.m */,
				2CE7045C13DE6B4500BB2279 /* main.m */,
			);
			path = Application;
			sourceTree = "<group>";
		};
		3201088596B4756681693703 /* Products */ = {
			isa = PBXGroup;
			children = (
				3201088596B4756681693704 /* libThree20UICommon.a */,
				2C0189F413DE8398007A68A9 /* UICommonUnitTests.octest */,
			);
			name = Products;
			sourceTree = "<group>";
		};
		3206A0F794A6D7A3F259DBF3 /* Products */ = {
			isa = PBXGroup;
			children = (
				3206A0F794A6D7A3F259DBF4 /* libextThree20JSON+SBJSON.a */,
				2C0189DA13DE8398007A68A9 /* libextThree20JSON+YAJL.a */,
				2C0189DC13DE8398007A68A9 /* extJSONUnitTests+SBJSON.octest */,
			);
			name = Products;
			sourceTree = "<group>";
		};
		320A2827FEC940B25BC42C63 /* Products */ = {
			isa = PBXGroup;
			children = (
				320A2827FEC940B25BC42C64 /* libThree20Core.a */,
				2C0189E213DE8398007A68A9 /* CoreUnitTests.octest */,
			);
			name = Products;
			sourceTree = "<group>";
		};
		320A5A189C235877202780D3 /* Products */ = {
			isa = PBXGroup;
			children = (
				320A5A189C235877202780D4 /* libThree20Network.a */,
				2C0189E713DE8398007A68A9 /* libThree20Network-Xcode3.2.5.a */,
				2C0189E913DE8398007A68A9 /* NetworkUnitTests.octest */,
				2C0189EB13DE8398007A68A9 /* NetworkUnitTests-Xcode3.2.5.octest */,
			);
			name = Products;
			sourceTree = "<group>";
		};
		320A737074758E53BA54BE93 /* Products */ = {
			isa = PBXGroup;
			children = (
				320A737074758E53BA54BE94 /* libThree20UINavigator.a */,
				2C0189F713DE8398007A68A9 /* UINavigatorUnitTests.octest */,
			);
			name = Products;
			sourceTree = "<group>";
		};
		320CC833B8AF0ACFD35E6223 /* Products */ = {
			isa = PBXGroup;
			children = (
				320CC833B8AF0ACFD35E6224 /* libThree20Style.a */,
				2C0189EE13DE8398007A68A9 /* StyleUnitTests.octest */,
			);
			name = Products;
			sourceTree = "<group>";
		};
		320D7DCCE32703ACAB9A45E3 /* Products */ = {
			isa = PBXGroup;
			children = (
				320D7DCCE32703ACAB9A45E4 /* libThree20.a */,
				2C0189DF13DE8398007A68A9 /* Three20UnitTests.octest */,
			);
			name = Products;
			sourceTree = "<group>";
		};
		320F2C48872C2E2C4DF86203 /* Products */ = {
			isa = PBXGroup;
			children = (
				320F2C48872C2E2C4DF86204 /* libThree20UI.a */,
				2C0189F113DE8398007A68A9 /* UIUnitTests.octest */,
			);
			name = Products;
			sourceTree = "<group>";
		};
/* End PBXGroup section */

/* Begin PBXNativeTarget section */
		2C2F07DB13DE61B3009F60DB /* PlazaVeaMovil */ = {
			isa = PBXNativeTarget;
			buildConfigurationList = 2C2F07F713DE61B4009F60DB /* Build configuration list for PBXNativeTarget "PlazaVeaMovil" */;
			buildPhases = (
				2C2F07D813DE61B3009F60DB /* Sources */,
				2C2F07D913DE61B3009F60DB /* Frameworks */,
				2C2F07DA13DE61B3009F60DB /* Resources */,
			);
			buildRules = (
			);
			dependencies = (
				3206A0F794A6D7A3F259DBF1 /* PBXTargetDependency */,
				3201088596B4756681693701 /* PBXTargetDependency */,
				320D7DCCE32703ACAB9A45E1 /* PBXTargetDependency */,
				320A737074758E53BA54BE91 /* PBXTargetDependency */,
				320A2827FEC940B25BC42C61 /* PBXTargetDependency */,
				320F2C48872C2E2C4DF86201 /* PBXTargetDependency */,
				320A5A189C235877202780D1 /* PBXTargetDependency */,
				320CC833B8AF0ACFD35E6221 /* PBXTargetDependency */,
			);
			name = PlazaVeaMovil;
			productName = PlazaVeaMovil;
			productReference = 2C2F07DC13DE61B3009F60DB /* PlazaVeaMovil.app */;
			productType = "com.apple.product-type.application";
		};
/* End PBXNativeTarget section */

/* Begin PBXProject section */
		2C2F07D313DE61B3009F60DB /* Project object */ = {
			isa = PBXProject;
			attributes = {
				ORGANIZATIONNAME = "Bit Zeppelin";
			};
			buildConfigurationList = 2C2F07D613DE61B3009F60DB /* Build configuration list for PBXProject "PlazaVeaMovil" */;
			compatibilityVersion = "Xcode 3.2";
			developmentRegion = English;
			hasScannedForEncodings = 0;
			knownRegions = (
				en,
				es,
			);
			mainGroup = 2C2F07D113DE61B3009F60DB;
			productRefGroup = 2C2F07DD13DE61B3009F60DB /* Products */;
			projectDirPath = "";
			projectReferences = (
				{
					ProductGroup = 3206A0F794A6D7A3F259DBF3 /* Products */;
					ProjectRef = 3206A0F794A6D7A3F259DBF0 /* extThree20JSON.xcodeproj */;
				},
				{
					ProductGroup = 320D7DCCE32703ACAB9A45E3 /* Products */;
					ProjectRef = 320D7DCCE32703ACAB9A45E0 /* Three20.xcodeproj */;
				},
				{
					ProductGroup = 320A2827FEC940B25BC42C63 /* Products */;
					ProjectRef = 320A2827FEC940B25BC42C60 /* Three20Core.xcodeproj */;
				},
				{
					ProductGroup = 320A5A189C235877202780D3 /* Products */;
					ProjectRef = 320A5A189C235877202780D0 /* Three20Network.xcodeproj */;
				},
				{
					ProductGroup = 320CC833B8AF0ACFD35E6223 /* Products */;
					ProjectRef = 320CC833B8AF0ACFD35E6220 /* Three20Style.xcodeproj */;
				},
				{
					ProductGroup = 320F2C48872C2E2C4DF86203 /* Products */;
					ProjectRef = 320F2C48872C2E2C4DF86200 /* Three20UI.xcodeproj */;
				},
				{
					ProductGroup = 3201088596B4756681693703 /* Products */;
					ProjectRef = 3201088596B4756681693700 /* Three20UICommon.xcodeproj */;
				},
				{
					ProductGroup = 320A737074758E53BA54BE93 /* Products */;
					ProjectRef = 320A737074758E53BA54BE90 /* Three20UINavigator.xcodeproj */;
				},
			);
			projectRoot = "";
			targets = (
				2C2F07DB13DE61B3009F60DB /* PlazaVeaMovil */,
			);
		};
/* End PBXProject section */

/* Begin PBXReferenceProxy section */
		2C0189DA13DE8398007A68A9 /* libextThree20JSON+YAJL.a */ = {
			isa = PBXReferenceProxy;
			fileType = archive.ar;
			path = "libextThree20JSON+YAJL.a";
			remoteRef = 2C0189D913DE8398007A68A9 /* PBXContainerItemProxy */;
			sourceTree = BUILT_PRODUCTS_DIR;
		};
		2C0189DC13DE8398007A68A9 /* extJSONUnitTests+SBJSON.octest */ = {
			isa = PBXReferenceProxy;
			fileType = wrapper.cfbundle;
			path = "extJSONUnitTests+SBJSON.octest";
			remoteRef = 2C0189DB13DE8398007A68A9 /* PBXContainerItemProxy */;
			sourceTree = BUILT_PRODUCTS_DIR;
		};
		2C0189DF13DE8398007A68A9 /* Three20UnitTests.octest */ = {
			isa = PBXReferenceProxy;
			fileType = wrapper.cfbundle;
			path = Three20UnitTests.octest;
			remoteRef = 2C0189DE13DE8398007A68A9 /* PBXContainerItemProxy */;
			sourceTree = BUILT_PRODUCTS_DIR;
		};
		2C0189E213DE8398007A68A9 /* CoreUnitTests.octest */ = {
			isa = PBXReferenceProxy;
			fileType = wrapper.cfbundle;
			path = CoreUnitTests.octest;
			remoteRef = 2C0189E113DE8398007A68A9 /* PBXContainerItemProxy */;
			sourceTree = BUILT_PRODUCTS_DIR;
		};
		2C0189E713DE8398007A68A9 /* libThree20Network-Xcode3.2.5.a */ = {
			isa = PBXReferenceProxy;
			fileType = archive.ar;
			path = "libThree20Network-Xcode3.2.5.a";
			remoteRef = 2C0189E613DE8398007A68A9 /* PBXContainerItemProxy */;
			sourceTree = BUILT_PRODUCTS_DIR;
		};
		2C0189E913DE8398007A68A9 /* NetworkUnitTests.octest */ = {
			isa = PBXReferenceProxy;
			fileType = wrapper.cfbundle;
			path = NetworkUnitTests.octest;
			remoteRef = 2C0189E813DE8398007A68A9 /* PBXContainerItemProxy */;
			sourceTree = BUILT_PRODUCTS_DIR;
		};
		2C0189EB13DE8398007A68A9 /* NetworkUnitTests-Xcode3.2.5.octest */ = {
			isa = PBXReferenceProxy;
			fileType = wrapper.cfbundle;
			path = "NetworkUnitTests-Xcode3.2.5.octest";
			remoteRef = 2C0189EA13DE8398007A68A9 /* PBXContainerItemProxy */;
			sourceTree = BUILT_PRODUCTS_DIR;
		};
		2C0189EE13DE8398007A68A9 /* StyleUnitTests.octest */ = {
			isa = PBXReferenceProxy;
			fileType = wrapper.cfbundle;
			path = StyleUnitTests.octest;
			remoteRef = 2C0189ED13DE8398007A68A9 /* PBXContainerItemProxy */;
			sourceTree = BUILT_PRODUCTS_DIR;
		};
		2C0189F113DE8398007A68A9 /* UIUnitTests.octest */ = {
			isa = PBXReferenceProxy;
			fileType = wrapper.cfbundle;
			path = UIUnitTests.octest;
			remoteRef = 2C0189F013DE8398007A68A9 /* PBXContainerItemProxy */;
			sourceTree = BUILT_PRODUCTS_DIR;
		};
		2C0189F413DE8398007A68A9 /* UICommonUnitTests.octest */ = {
			isa = PBXReferenceProxy;
			fileType = wrapper.cfbundle;
			path = UICommonUnitTests.octest;
			remoteRef = 2C0189F313DE8398007A68A9 /* PBXContainerItemProxy */;
			sourceTree = BUILT_PRODUCTS_DIR;
		};
		2C0189F713DE8398007A68A9 /* UINavigatorUnitTests.octest */ = {
			isa = PBXReferenceProxy;
			fileType = wrapper.cfbundle;
			path = UINavigatorUnitTests.octest;
			remoteRef = 2C0189F613DE8398007A68A9 /* PBXContainerItemProxy */;
			sourceTree = BUILT_PRODUCTS_DIR;
		};
		3201088596B4756681693704 /* libThree20UICommon.a */ = {
			isa = PBXReferenceProxy;
			fileType = archive.ar;
			path = libThree20UICommon.a;
			remoteRef = 3201088596B4756681693706 /* PBXContainerItemProxy */;
			sourceTree = BUILT_PRODUCTS_DIR;
		};
		3206A0F794A6D7A3F259DBF4 /* libextThree20JSON+SBJSON.a */ = {
			isa = PBXReferenceProxy;
			fileType = archive.ar;
			path = "libextThree20JSON+SBJSON.a";
			remoteRef = 3206A0F794A6D7A3F259DBF6 /* PBXContainerItemProxy */;
			sourceTree = BUILT_PRODUCTS_DIR;
		};
		320A2827FEC940B25BC42C64 /* libThree20Core.a */ = {
			isa = PBXReferenceProxy;
			fileType = archive.ar;
			path = libThree20Core.a;
			remoteRef = 320A2827FEC940B25BC42C66 /* PBXContainerItemProxy */;
			sourceTree = BUILT_PRODUCTS_DIR;
		};
		320A5A189C235877202780D4 /* libThree20Network.a */ = {
			isa = PBXReferenceProxy;
			fileType = archive.ar;
			path = libThree20Network.a;
			remoteRef = 320A5A189C235877202780D6 /* PBXContainerItemProxy */;
			sourceTree = BUILT_PRODUCTS_DIR;
		};
		320A737074758E53BA54BE94 /* libThree20UINavigator.a */ = {
			isa = PBXReferenceProxy;
			fileType = archive.ar;
			path = libThree20UINavigator.a;
			remoteRef = 320A737074758E53BA54BE96 /* PBXContainerItemProxy */;
			sourceTree = BUILT_PRODUCTS_DIR;
		};
		320CC833B8AF0ACFD35E6224 /* libThree20Style.a */ = {
			isa = PBXReferenceProxy;
			fileType = archive.ar;
			path = libThree20Style.a;
			remoteRef = 320CC833B8AF0ACFD35E6226 /* PBXContainerItemProxy */;
			sourceTree = BUILT_PRODUCTS_DIR;
		};
		320D7DCCE32703ACAB9A45E4 /* libThree20.a */ = {
			isa = PBXReferenceProxy;
			fileType = archive.ar;
			path = libThree20.a;
			remoteRef = 320D7DCCE32703ACAB9A45E6 /* PBXContainerItemProxy */;
			sourceTree = BUILT_PRODUCTS_DIR;
		};
		320F2C48872C2E2C4DF86204 /* libThree20UI.a */ = {
			isa = PBXReferenceProxy;
			fileType = archive.ar;
			path = libThree20UI.a;
			remoteRef = 320F2C48872C2E2C4DF86206 /* PBXContainerItemProxy */;
			sourceTree = BUILT_PRODUCTS_DIR;
		};
/* End PBXReferenceProxy section */

/* Begin PBXResourcesBuildPhase section */
		2C2F07DA13DE61B3009F60DB /* Resources */ = {
			isa = PBXResourcesBuildPhase;
			buildActionMask = 2147483647;
			files = (
				320B6C86F11D9990244A9731 /* Three20.bundle in Resources */,
				2CDCBD0B13EA585100E4E310 /* Localizable.strings in Resources */,
				2C691ED013F04BB900E1EFA5 /* TSAlertViewBackground.png in Resources */,
				2C691ED113F04BB900E1EFA5 /* TSAlertViewBackground2.png in Resources */,
				2C691ED213F04BB900E1EFA5 /* TSAlertViewButtonBackground_Highlighted.png in Resources */,
				2C691ED313F04BB900E1EFA5 /* TSAlertViewButtonBackground.png in Resources */,
				2C691ED413F04BB900E1EFA5 /* TSAlertViewCancelButtonBackground.png in Resources */,
				2C691ED513F04BB900E1EFA5 /* TSAlertViewMessageListViewShadow.png in Resources */,
			);
			runOnlyForDeploymentPostprocessing = 0;
		};
/* End PBXResourcesBuildPhase section */

/* Begin PBXSourcesBuildPhase section */
		2C2F07D813DE61B3009F60DB /* Sources */ = {
			isa = PBXSourcesBuildPhase;
			buildActionMask = 2147483647;
			files = (
				2CE7045D13DE6B4500BB2279 /* AppDelegate.m in Sources */,
				2CE7045E13DE6B4500BB2279 /* main.m in Sources */,
				2CD9933E13E65DA400879980 /* NSError+Additions.m in Sources */,
				2CD9933F13E65DA400879980 /* NSFileManager+Additions.m in Sources */,
				2C6C5E7013E66CF8000B0E10 /* AppDelegate+CoreData.m in Sources */,
				2C02CC2213E71676009DFBF8 /* NSObject+Additions.m in Sources */,
				2C1D792913E87C58000FD96C /* Constants.m in Sources */,
				2C0DBE9313E8C1C000F705C1 /* AppDelegate+Defaults.m in Sources */,
				2CE52FBC13EBC19A00A5D7FE /* EditableTableViewController+NSFetchedResultsControllerDelegate.m in Sources */,
				2CE52FBD13EBC19A00A5D7FE /* EditableTableViewController+UITableViewDataSource.m in Sources */,
				2CE52FBE13EBC19A00A5D7FE /* EditableTableViewController+UITableViewDelegate.m in Sources */,
				2CE52FBF13EBC19A00A5D7FE /* EditableTableViewController.m in Sources */,
				2CE72FB813EC0BD600DDF9C6 /* EditableTableViewCell.m in Sources */,
				2C0036FF13EC48BB0029B4EE /* EditableCellTableViewController.m in Sources */,
				2C2379A813EC4CA700A6E1FD /* NSString+Additions.m in Sources */,
				2C79B4A713EC4DD100940A6E /* EditableCellTableViewController+UITextFieldDelegate.m in Sources */,
				2CE6077113EE420600431A7A /* NSURL+Additions.m in Sources */,
				2C691EE013F04C4E00E1EFA5 /* TSAlertView.m in Sources */,
				2C2DA9CC13F0BB9E00D80BB0 /* ShoppingListsController.m in Sources */,
				2C317F5A13F0C07700BDC645 /* ShoppingListController.m in Sources */,
				2C7FCE2513F21073006004FB /* ShoppingListHeaderView.m in Sources */,
				2CE9779013F2CD97003E9851 /* TSAlertView+NewShoppingListAlertView.m in Sources */,
				2C7BF76D13F2CF8500053BA8 /* ShoppingListsController+TSAlertViewDelegate.m in Sources */,
				2C279D5E13F2D5E900832A46 /* ShoppingListController+TSAlertViewDelegate.m in Sources */,
				2C4F5BE213F2E616007B3ADE /* ManagedObject.m in Sources */,
				2C4F5BE313F2E616007B3ADE /* ReorderingManagedObject.m in Sources */,
				2CF302C013F33BE500D9A95F /* NSManagedObjectContext+Additions.m in Sources */,
				2CC21AB613F3468F008BE6DB /* Models.m in Sources */,
				2CFE570A13F3691F003F9601 /* Constants.m in Sources */,
				2C2DF1F913F7A24300D4E70B /* NSMutableArray+Additions.m in Sources */,
				2C844C0113F95F2F000BE222 /* HistoryEntryController.m in Sources */,
				2C02D9D113F999190039E37C /* NSNull+Additions.m in Sources */,
				2CC5A94313F9BDE600B43AA6 /* TSAlertView+NewShoppingItemAlertView.m in Sources */,
				2C81DF3813FC85600058BB51 /* TSAlertView+ShoppingListDeletionConfirmation.m in Sources */,
				2CDD810A13FCB674007A06A4 /* UIActionSheet+ShoppingListMenu.m in Sources */,
				2CAA197A13FCBCC50045C0A8 /* ShoppingListController+UIActionSheetDelegate.m in Sources */,
				2C277CDC13FDA99600E0228D /* ShoppingListController+MFMailComposeViewControllerDelegate.m in Sources */,
				2C8E748313FDC482007BA731 /* TSAlertView+ModifyingShoppingItemAlertView.m in Sources */,
				2C75709613FEBA5700D23659 /* HistoryEntryController+UITableViewDataSource.m in Sources */,
				2C75709713FEBA5700D23659 /* HistoryEntryController+UITableViewDelegate.m in Sources */,
			);
			runOnlyForDeploymentPostprocessing = 0;
		};
/* End PBXSourcesBuildPhase section */

/* Begin PBXTargetDependency section */
		3201088596B4756681693701 /* PBXTargetDependency */ = {
			isa = PBXTargetDependency;
			name = Three20UICommon;
			targetProxy = 3201088596B4756681693702 /* PBXContainerItemProxy */;
		};
		3206A0F794A6D7A3F259DBF1 /* PBXTargetDependency */ = {
			isa = PBXTargetDependency;
			name = extThree20JSON;
			targetProxy = 3206A0F794A6D7A3F259DBF2 /* PBXContainerItemProxy */;
		};
		320A2827FEC940B25BC42C61 /* PBXTargetDependency */ = {
			isa = PBXTargetDependency;
			name = Three20Core;
			targetProxy = 320A2827FEC940B25BC42C62 /* PBXContainerItemProxy */;
		};
		320A5A189C235877202780D1 /* PBXTargetDependency */ = {
			isa = PBXTargetDependency;
			name = Three20Network;
			targetProxy = 320A5A189C235877202780D2 /* PBXContainerItemProxy */;
		};
		320A737074758E53BA54BE91 /* PBXTargetDependency */ = {
			isa = PBXTargetDependency;
			name = Three20UINavigator;
			targetProxy = 320A737074758E53BA54BE92 /* PBXContainerItemProxy */;
		};
		320CC833B8AF0ACFD35E6221 /* PBXTargetDependency */ = {
			isa = PBXTargetDependency;
			name = Three20Style;
			targetProxy = 320CC833B8AF0ACFD35E6222 /* PBXContainerItemProxy */;
		};
		320D7DCCE32703ACAB9A45E1 /* PBXTargetDependency */ = {
			isa = PBXTargetDependency;
			name = Three20;
			targetProxy = 320D7DCCE32703ACAB9A45E2 /* PBXContainerItemProxy */;
		};
		320F2C48872C2E2C4DF86201 /* PBXTargetDependency */ = {
			isa = PBXTargetDependency;
			name = Three20UI;
			targetProxy = 320F2C48872C2E2C4DF86202 /* PBXContainerItemProxy */;
		};
/* End PBXTargetDependency section */

/* Begin PBXVariantGroup section */
		2CDCBD0913EA585100E4E310 /* Localizable.strings */ = {
			isa = PBXVariantGroup;
			children = (
				2CDCBD0A13EA585100E4E310 /* es */,
			);
			name = Localizable.strings;
			sourceTree = "<group>";
		};
/* End PBXVariantGroup section */

/* Begin XCBuildConfiguration section */
		2C2F07F513DE61B4009F60DB /* Debug */ = {
			isa = XCBuildConfiguration;
			buildSettings = {
				ARCHS = "$(ARCHS_STANDARD_32_BIT)";
				HEADER_SEARCH_PATHS = (
					../../TSAlertView,
					"$(BUILT_PRODUCTS_DIR)/../three20",
					"$(BUILT_PRODUCTS_DIR)/../../three20",
					../../Three20/Build/Products/three20,
				);
				OTHER_LDFLAGS = "-ObjC";
				SDKROOT = iphoneos;
			};
			name = Debug;
		};
		2C2F07F613DE61B4009F60DB /* Release */ = {
			isa = XCBuildConfiguration;
			buildSettings = {
				ARCHS = "$(ARCHS_STANDARD_32_BIT)";
				HEADER_SEARCH_PATHS = (
					../../TSAlertView,
					"$(BUILT_PRODUCTS_DIR)/../three20",
					"$(BUILT_PRODUCTS_DIR)/../../three20",
					../../Three20/Build/Products/three20,
				);
				OTHER_LDFLAGS = "-ObjC";
				SDKROOT = iphoneos;
			};
			name = Release;
		};
		2C2F07F813DE61B4009F60DB /* Debug */ = {
			isa = XCBuildConfiguration;
			buildSettings = {
				ALWAYS_SEARCH_USER_PATHS = NO;
				CODE_SIGN_ENTITLEMENTS = ../Resources/Entitlements.plist;
				CODE_SIGN_IDENTITY = "iPhone Developer";
				"CODE_SIGN_IDENTITY[sdk=*]" = "iPhone Developer: Jean-Pierre Chauvel (PKGKGWFB24)";
				COPY_PHASE_STRIP = NO;
				GCC_C_LANGUAGE_STANDARD = gnu99;
				GCC_DYNAMIC_NO_PIC = NO;
				GCC_OPTIMIZATION_LEVEL = 0;
				GCC_PRECOMPILE_PREFIX_HEADER = YES;
				GCC_PREPROCESSOR_DEFINITIONS = DEBUG;
				GCC_SYMBOLS_PRIVATE_EXTERN = NO;
				GCC_VERSION = com.apple.compilers.llvmgcc42;
				GCC_WARN_ABOUT_RETURN_TYPE = YES;
				GCC_WARN_UNUSED_VARIABLE = YES;
				INFOPLIST_FILE = "../Resources/PlazaVeaMovil-Debug-Info.plist";
				IPHONEOS_DEPLOYMENT_TARGET = 3.1.3;
				PRODUCT_NAME = "$(TARGET_NAME)";
				PROVISIONING_PROFILE = "";
				"PROVISIONING_PROFILE[sdk=*]" = "2E96F3D1-FCD4-4E0E-992C-BA0D77F65051";
				SYMROOT = ../build;
				USER_HEADER_SEARCH_PATHS = ../Headers;
				WRAPPER_EXTENSION = app;
			};
			name = Debug;
		};
		2C2F07F913DE61B4009F60DB /* Release */ = {
			isa = XCBuildConfiguration;
			buildSettings = {
				ALWAYS_SEARCH_USER_PATHS = NO;
				CODE_SIGN_IDENTITY = "iPhone Developer";
				"CODE_SIGN_IDENTITY[sdk=*]" = "iPhone Developer";
				COPY_PHASE_STRIP = YES;
				GCC_C_LANGUAGE_STANDARD = gnu99;
				GCC_PRECOMPILE_PREFIX_HEADER = YES;
				GCC_SYMBOLS_PRIVATE_EXTERN = NO;
				GCC_VERSION = com.apple.compilers.llvmgcc42;
				GCC_WARN_ABOUT_RETURN_TYPE = YES;
				GCC_WARN_UNUSED_VARIABLE = YES;
				INFOPLIST_FILE = "../Resources/PlazaVeaMovil-Release-Info.plist";
				IPHONEOS_DEPLOYMENT_TARGET = 3.1.3;
				OTHER_CFLAGS = "-DNS_BLOCK_ASSERTIONS=1";
				PRODUCT_NAME = "$(TARGET_NAME)";
				PROVISIONING_PROFILE = "";
				"PROVISIONING_PROFILE[sdk=*]" = "";
				SYMROOT = ../build;
				USER_HEADER_SEARCH_PATHS = ../Headers;
				VALIDATE_PRODUCT = YES;
				WRAPPER_EXTENSION = app;
			};
			name = Release;
		};
/* End XCBuildConfiguration section */

/* Begin XCConfigurationList section */
		2C2F07D613DE61B3009F60DB /* Build configuration list for PBXProject "PlazaVeaMovil" */ = {
			isa = XCConfigurationList;
			buildConfigurations = (
				2C2F07F513DE61B4009F60DB /* Debug */,
				2C2F07F613DE61B4009F60DB /* Release */,
			);
			defaultConfigurationIsVisible = 0;
			defaultConfigurationName = Release;
		};
		2C2F07F713DE61B4009F60DB /* Build configuration list for PBXNativeTarget "PlazaVeaMovil" */ = {
			isa = XCConfigurationList;
			buildConfigurations = (
				2C2F07F813DE61B4009F60DB /* Debug */,
				2C2F07F913DE61B4009F60DB /* Release */,
			);
			defaultConfigurationIsVisible = 0;
			defaultConfigurationName = Release;
		};
/* End XCConfigurationList section */
	};
	rootObject = 2C2F07D313DE61B3009F60DB /* Project object */;
}
